
Microsoft Visual Studio Solution File, Format Version 12.00
# Visual Studio Version 16
VisualStudioVersion = 16.0.29613.14
MinimumVisualStudioVersion = 10.0.40219.1
Project("{FAE04EC0-301F-11D3-BF4B-00C04F79EFBC}") = "HelloWorld", "HelloWorld\HelloWorld.csproj", "{493D4770-54CC-4BCC-A9F6-C1758F373538}"
EndProject
Global
	GlobalSection(SolutionConfigurationPlatforms) = preSolution
		Debug|Any CPU = Debug|Any CPU
		Release|Any CPU = Release|Any CPU
	EndGlobalSection
	GlobalSection(ProjectConfigurationPlatforms) = postSolution
		{493D4770-54CC-4BCC-A9F6-C1758F373538}.Debug|Any CPU.ActiveCfg = Debug|Any CPU
		{493D4770-54CC-4BCC-A9F6-C1758F373538}.Debug|Any CPU.Build.0 = Debug|Any CPU
		{493D4770-54CC-4BCC-A9F6-C1758F373538}.Release|Any CPU.ActiveCfg = Release|Any CPU
		{493D4770-54CC-4BCC-A9F6-C1758F373538}.Release|Any CPU.Build.0 = Release|Any CPU
	EndGlobalSection
	GlobalSection(SolutionProperties) = preSolution
		HideSolutionNode = FALSE
	EndGlobalSection
	GlobalSection(ExtensibilityGlobals) = postSolution
		SolutionGuid = {E5C4FA15-B46A-414C-8EBC-0B0A804A55FE}
	EndGlobalSection
EndGlobal
