
Microsoft Visual Studio Solution File, Format Version 12.00
# Visual Studio Version 16
VisualStudioVersion = 16.0.31613.86
MinimumVisualStudioVersion = 10.0.40219.1
Project("{FAE04EC0-301F-11D3-BF4B-00C04F79EFBC}") = "Playground", "Playground\Playground.csproj", "{CCDB574E-6AF5-4EB8-BA1E-4FC75F49CDEA}"
EndProject
Global
	GlobalSection(SolutionConfigurationPlatforms) = preSolution
		Debug|Any CPU = Debug|Any CPU
		Release|Any CPU = Release|Any CPU
	EndGlobalSection
	GlobalSection(ProjectConfigurationPlatforms) = postSolution
		{CCDB574E-6AF5-4EB8-BA1E-4FC75F49CDEA}.Debug|Any CPU.ActiveCfg = Debug|Any CPU
		{CCDB574E-6AF5-4EB8-BA1E-4FC75F49CDEA}.Debug|Any CPU.Build.0 = Debug|Any CPU
		{CCDB574E-6AF5-4EB8-BA1E-4FC75F49CDEA}.Release|Any CPU.ActiveCfg = Release|Any CPU
		{CCDB574E-6AF5-4EB8-BA1E-4FC75F49CDEA}.Release|Any CPU.Build.0 = Release|Any CPU
	EndGlobalSection
	GlobalSection(SolutionProperties) = preSolution
		HideSolutionNode = FALSE
	EndGlobalSection
	GlobalSection(ExtensibilityGlobals) = postSolution
		SolutionGuid = {2E404547-E998-4CF4-B3F5-76E73E384045}
	EndGlobalSection
EndGlobal
